
Microsoft Visual Studio Solution File, Format Version 12.00
# Visual Studio Version 17
VisualStudioVersion = 17.6.33723.286
MinimumVisualStudioVersion = 10.0.40219.1
Project("{FAE04EC0-301F-11D3-BF4B-00C04F79EFBC}") = "Xadrez", "Xadrez - Console\Xadrez.csproj", "{43A9D090-323C-4328-BECC-3D4E3263FB01}"
EndProject
Global
	GlobalSection(SolutionConfigurationPlatforms) = preSolution
		Debug|Any CPU = Debug|Any CPU
		Release|Any CPU = Release|Any CPU
	EndGlobalSection
	GlobalSection(ProjectConfigurationPlatforms) = postSolution
		{43A9D090-323C-4328-BECC-3D4E3263FB01}.Debug|Any CPU.ActiveCfg = Debug|Any CPU
		{43A9D090-323C-4328-BECC-3D4E3263FB01}.Debug|Any CPU.Build.0 = Debug|Any CPU
		{43A9D090-323C-4328-BECC-3D4E3263FB01}.Release|Any CPU.ActiveCfg = Release|Any CPU
		{43A9D090-323C-4328-BECC-3D4E3263FB01}.Release|Any CPU.Build.0 = Release|Any CPU
	EndGlobalSection
	GlobalSection(SolutionProperties) = preSolution
		HideSolutionNode = FALSE
	EndGlobalSection
	GlobalSection(ExtensibilityGlobals) = postSolution
		SolutionGuid = {BB17F42F-FACC-4986-AA27-7C9108B6871F}
	EndGlobalSection
EndGlobal
